
Microsoft Visual Studio Solution File, Format Version 12.00
# Visual Studio Version 16
VisualStudioVersion = 16.0.31702.278
MinimumVisualStudioVersion = 10.0.40219.1
Project("{9A19103F-16F7-4668-BE54-9A1E7A4F7556}") = "D2RModMaker", "D2RModMaker\D2RModMaker.csproj", "{2B11287F-B7AA-4095-AB8F-B23EE58EAEBA}"
	ProjectSection(ProjectDependencies) = postProject
		{BA339F1E-BB49-427D-80A5-72F5C35DF214} = {BA339F1E-BB49-427D-80A5-72F5C35DF214}
		{077A853A-626D-4782-BBBB-6899E1C8C8A4} = {077A853A-626D-4782-BBBB-6899E1C8C8A4}
		{0A61174C-B958-4C52-90D3-E2B7FF88BD81} = {0A61174C-B958-4C52-90D3-E2B7FF88BD81}
		{3A191766-5468-45CC-92AA-5D5A3CA1C2FD} = {3A191766-5468-45CC-92AA-5D5A3CA1C2FD}
	EndProjectSection
EndProject
Project("{9A19103F-16F7-4668-BE54-9A1E7A4F7556}") = "D2RModMaker.Api", "D2RModMaker.Api\D2RModMaker.Api.csproj", "{3A191766-5468-45CC-92AA-5D5A3CA1C2FD}"
EndProject
Project("{9A19103F-16F7-4668-BE54-9A1E7A4F7556}") = "TACTLib", "TACTLib\TACTLib\TACTLib.csproj", "{C69F04D2-3C6A-4C39-8759-15A21C05EC92}"
EndProject
Project("{9A19103F-16F7-4668-BE54-9A1E7A4F7556}") = "D2RModMaker.Difficulty", "plugins\D2RModMaker.Difficulty\D2RModMaker.Difficulty.csproj", "{0A61174C-B958-4C52-90D3-E2B7FF88BD81}"
EndProject
Project("{9A19103F-16F7-4668-BE54-9A1E7A4F7556}") = "D2RModMaker.QualityOfLife", "plugins\D2RModMaker.QualityOfLife\D2RModMaker.QualityOfLife.csproj", "{077A853A-626D-4782-BBBB-6899E1C8C8A4}"
EndProject
Project("{FAE04EC0-301F-11D3-BF4B-00C04F79EFBC}") = "D2RModMaker.Speed", "plugins\D2RModMaker.Speed\D2RModMaker.Speed.csproj", "{BA339F1E-BB49-427D-80A5-72F5C35DF214}"
EndProject
Global
	GlobalSection(SolutionConfigurationPlatforms) = preSolution
		Debug|Any CPU = Debug|Any CPU
		Debug|ARM = Debug|ARM
		Debug|ARM64 = Debug|ARM64
		Debug|x64 = Debug|x64
		Debug|x86 = Debug|x86
		Release|Any CPU = Release|Any CPU
		Release|ARM = Release|ARM
		Release|ARM64 = Release|ARM64
		Release|x64 = Release|x64
		Release|x86 = Release|x86
	EndGlobalSection
	GlobalSection(ProjectConfigurationPlatforms) = postSolution
		{2B11287F-B7AA-4095-AB8F-B23EE58EAEBA}.Debug|Any CPU.ActiveCfg = Debug|Any CPU
		{2B11287F-B7AA-4095-AB8F-B23EE58EAEBA}.Debug|Any CPU.Build.0 = Debug|Any CPU
		{2B11287F-B7AA-4095-AB8F-B23EE58EAEBA}.Debug|ARM.ActiveCfg = Debug|Any CPU
		{2B11287F-B7AA-4095-AB8F-B23EE58EAEBA}.Debug|ARM.Build.0 = Debug|Any CPU
		{2B11287F-B7AA-4095-AB8F-B23EE58EAEBA}.Debug|ARM64.ActiveCfg = Debug|Any CPU
		{2B11287F-B7AA-4095-AB8F-B23EE58EAEBA}.Debug|ARM64.Build.0 = Debug|Any CPU
		{2B11287F-B7AA-4095-AB8F-B23EE58EAEBA}.Debug|x64.ActiveCfg = Debug|Any CPU
		{2B11287F-B7AA-4095-AB8F-B23EE58EAEBA}.Debug|x64.Build.0 = Debug|Any CPU
		{2B11287F-B7AA-4095-AB8F-B23EE58EAEBA}.Debug|x86.ActiveCfg = Debug|Any CPU
		{2B11287F-B7AA-4095-AB8F-B23EE58EAEBA}.Debug|x86.Build.0 = Debug|Any CPU
		{2B11287F-B7AA-4095-AB8F-B23EE58EAEBA}.Release|Any CPU.ActiveCfg = Release|Any CPU
		{2B11287F-B7AA-4095-AB8F-B23EE58EAEBA}.Release|Any CPU.Build.0 = Release|Any CPU
		{2B11287F-B7AA-4095-AB8F-B23EE58EAEBA}.Release|ARM.ActiveCfg = Release|Any CPU
		{2B11287F-B7AA-4095-AB8F-B23EE58EAEBA}.Release|ARM.Build.0 = Release|Any CPU
		{2B11287F-B7AA-4095-AB8F-B23EE58EAEBA}.Release|ARM64.ActiveCfg = Release|Any CPU
		{2B11287F-B7AA-4095-AB8F-B23EE58EAEBA}.Release|ARM64.Build.0 = Release|Any CPU
		{2B11287F-B7AA-4095-AB8F-B23EE58EAEBA}.Release|x64.ActiveCfg = Release|Any CPU
		{2B11287F-B7AA-4095-AB8F-B23EE58EAEBA}.Release|x64.Build.0 = Release|Any CPU
		{2B11287F-B7AA-4095-AB8F-B23EE58EAEBA}.Release|x86.ActiveCfg = Release|Any CPU
		{2B11287F-B7AA-4095-AB8F-B23EE58EAEBA}.Release|x86.Build.0 = Release|Any CPU
		{3A191766-5468-45CC-92AA-5D5A3CA1C2FD}.Debug|Any CPU.ActiveCfg = Debug|Any CPU
		{3A191766-5468-45CC-92AA-5D5A3CA1C2FD}.Debug|Any CPU.Build.0 = Debug|Any CPU
		{3A191766-5468-45CC-92AA-5D5A3CA1C2FD}.Debug|ARM.ActiveCfg = Debug|Any CPU
		{3A191766-5468-45CC-92AA-5D5A3CA1C2FD}.Debug|ARM.Build.0 = Debug|Any CPU
		{3A191766-5468-45CC-92AA-5D5A3CA1C2FD}.Debug|ARM64.ActiveCfg = Debug|Any CPU
		{3A191766-5468-45CC-92AA-5D5A3CA1C2FD}.Debug|ARM64.Build.0 = Debug|Any CPU
		{3A191766-5468-45CC-92AA-5D5A3CA1C2FD}.Debug|x64.ActiveCfg = Debug|Any CPU
		{3A191766-5468-45CC-92AA-5D5A3CA1C2FD}.Debug|x64.Build.0 = Debug|Any CPU
		{3A191766-5468-45CC-92AA-5D5A3CA1C2FD}.Debug|x86.ActiveCfg = Debug|Any CPU
		{3A191766-5468-45CC-92AA-5D5A3CA1C2FD}.Debug|x86.Build.0 = Debug|Any CPU
		{3A191766-5468-45CC-92AA-5D5A3CA1C2FD}.Release|Any CPU.ActiveCfg = Release|Any CPU
		{3A191766-5468-45CC-92AA-5D5A3CA1C2FD}.Release|Any CPU.Build.0 = Release|Any CPU
		{3A191766-5468-45CC-92AA-5D5A3CA1C2FD}.Release|ARM.ActiveCfg = Release|Any CPU
		{3A191766-5468-45CC-92AA-5D5A3CA1C2FD}.Release|ARM.Build.0 = Release|Any CPU
		{3A191766-5468-45CC-92AA-5D5A3CA1C2FD}.Release|ARM64.ActiveCfg = Release|Any CPU
		{3A191766-5468-45CC-92AA-5D5A3CA1C2FD}.Release|ARM64.Build.0 = Release|Any CPU
		{3A191766-5468-45CC-92AA-5D5A3CA1C2FD}.Release|x64.ActiveCfg = Release|Any CPU
		{3A191766-5468-45CC-92AA-5D5A3CA1C2FD}.Release|x64.Build.0 = Release|Any CPU
		{3A191766-5468-45CC-92AA-5D5A3CA1C2FD}.Release|x86.ActiveCfg = Release|Any CPU
		{3A191766-5468-45CC-92AA-5D5A3CA1C2FD}.Release|x86.Build.0 = Release|Any CPU
		{C69F04D2-3C6A-4C39-8759-15A21C05EC92}.Debug|Any CPU.ActiveCfg = Debug|Any CPU
		{C69F04D2-3C6A-4C39-8759-15A21C05EC92}.Debug|Any CPU.Build.0 = Debug|Any CPU
		{C69F04D2-3C6A-4C39-8759-15A21C05EC92}.Debug|ARM.ActiveCfg = Debug|Any CPU
		{C69F04D2-3C6A-4C39-8759-15A21C05EC92}.Debug|ARM.Build.0 = Debug|Any CPU
		{C69F04D2-3C6A-4C39-8759-15A21C05EC92}.Debug|ARM64.ActiveCfg = Debug|Any CPU
		{C69F04D2-3C6A-4C39-8759-15A21C05EC92}.Debug|ARM64.Build.0 = Debug|Any CPU
		{C69F04D2-3C6A-4C39-8759-15A21C05EC92}.Debug|x64.ActiveCfg = Debug|Any CPU
		{C69F04D2-3C6A-4C39-8759-15A21C05EC92}.Debug|x64.Build.0 = Debug|Any CPU
		{C69F04D2-3C6A-4C39-8759-15A21C05EC92}.Debug|x86.ActiveCfg = Debug|Any CPU
		{C69F04D2-3C6A-4C39-8759-15A21C05EC92}.Debug|x86.Build.0 = Debug|Any CPU
		{C69F04D2-3C6A-4C39-8759-15A21C05EC92}.Release|Any CPU.ActiveCfg = Release|Any CPU
		{C69F04D2-3C6A-4C39-8759-15A21C05EC92}.Release|Any CPU.Build.0 = Release|Any CPU
		{C69F04D2-3C6A-4C39-8759-15A21C05EC92}.Release|ARM.ActiveCfg = Release|Any CPU
		{C69F04D2-3C6A-4C39-8759-15A21C05EC92}.Release|ARM.Build.0 = Release|Any CPU
		{C69F04D2-3C6A-4C39-8759-15A21C05EC92}.Release|ARM64.ActiveCfg = Release|Any CPU
		{C69F04D2-3C6A-4C39-8759-15A21C05EC92}.Release|ARM64.Build.0 = Release|Any CPU
		{C69F04D2-3C6A-4C39-8759-15A21C05EC92}.Release|x64.ActiveCfg = Release|Any CPU
		{C69F04D2-3C6A-4C39-8759-15A21C05EC92}.Release|x64.Build.0 = Release|Any CPU
		{C69F04D2-3C6A-4C39-8759-15A21C05EC92}.Release|x86.ActiveCfg = Release|Any CPU
		{C69F04D2-3C6A-4C39-8759-15A21C05EC92}.Release|x86.Build.0 = Release|Any CPU
		{0A61174C-B958-4C52-90D3-E2B7FF88BD81}.Debug|Any CPU.ActiveCfg = Debug|Any CPU
		{0A61174C-B958-4C52-90D3-E2B7FF88BD81}.Debug|Any CPU.Build.0 = Debug|Any CPU
		{0A61174C-B958-4C52-90D3-E2B7FF88BD81}.Debug|ARM.ActiveCfg = Debug|Any CPU
		{0A61174C-B958-4C52-90D3-E2B7FF88BD81}.Debug|ARM.Build.0 = Debug|Any CPU
		{0A61174C-B958-4C52-90D3-E2B7FF88BD81}.Debug|ARM64.ActiveCfg = Debug|Any CPU
		{0A61174C-B958-4C52-90D3-E2B7FF88BD81}.Debug|ARM64.Build.0 = Debug|Any CPU
		{0A61174C-B958-4C52-90D3-E2B7FF88BD81}.Debug|x64.ActiveCfg = Debug|Any CPU
		{0A61174C-B958-4C52-90D3-E2B7FF88BD81}.Debug|x64.Build.0 = Debug|Any CPU
		{0A61174C-B958-4C52-90D3-E2B7FF88BD81}.Debug|x86.ActiveCfg = Debug|Any CPU
		{0A61174C-B958-4C52-90D3-E2B7FF88BD81}.Debug|x86.Build.0 = Debug|Any CPU
		{0A61174C-B958-4C52-90D3-E2B7FF88BD81}.Release|Any CPU.ActiveCfg = Release|Any CPU
		{0A61174C-B958-4C52-90D3-E2B7FF88BD81}.Release|Any CPU.Build.0 = Release|Any CPU
		{0A61174C-B958-4C52-90D3-E2B7FF88BD81}.Release|ARM.ActiveCfg = Release|Any CPU
		{0A61174C-B958-4C52-90D3-E2B7FF88BD81}.Release|ARM.Build.0 = Release|Any CPU
		{0A61174C-B958-4C52-90D3-E2B7FF88BD81}.Release|ARM64.ActiveCfg = Release|Any CPU
		{0A61174C-B958-4C52-90D3-E2B7FF88BD81}.Release|ARM64.Build.0 = Release|Any CPU
		{0A61174C-B958-4C52-90D3-E2B7FF88BD81}.Release|x64.ActiveCfg = Release|Any CPU
		{0A61174C-B958-4C52-90D3-E2B7FF88BD81}.Release|x64.Build.0 = Release|Any CPU
		{0A61174C-B958-4C52-90D3-E2B7FF88BD81}.Release|x86.ActiveCfg = Release|Any CPU
		{0A61174C-B958-4C52-90D3-E2B7FF88BD81}.Release|x86.Build.0 = Release|Any CPU
		{077A853A-626D-4782-BBBB-6899E1C8C8A4}.Debug|Any CPU.ActiveCfg = Debug|Any CPU
		{077A853A-626D-4782-BBBB-6899E1C8C8A4}.Debug|Any CPU.Build.0 = Debug|Any CPU
		{077A853A-626D-4782-BBBB-6899E1C8C8A4}.Debug|ARM.ActiveCfg = Debug|Any CPU
		{077A853A-626D-4782-BBBB-6899E1C8C8A4}.Debug|ARM.Build.0 = Debug|Any CPU
		{077A853A-626D-4782-BBBB-6899E1C8C8A4}.Debug|ARM64.ActiveCfg = Debug|Any CPU
		{077A853A-626D-4782-BBBB-6899E1C8C8A4}.Debug|ARM64.Build.0 = Debug|Any CPU
		{077A853A-626D-4782-BBBB-6899E1C8C8A4}.Debug|x64.ActiveCfg = Debug|Any CPU
		{077A853A-626D-4782-BBBB-6899E1C8C8A4}.Debug|x64.Build.0 = Debug|Any CPU
		{077A853A-626D-4782-BBBB-6899E1C8C8A4}.Debug|x86.ActiveCfg = Debug|Any CPU
		{077A853A-626D-4782-BBBB-6899E1C8C8A4}.Debug|x86.Build.0 = Debug|Any CPU
		{077A853A-626D-4782-BBBB-6899E1C8C8A4}.Release|Any CPU.ActiveCfg = Release|Any CPU
		{077A853A-626D-4782-BBBB-6899E1C8C8A4}.Release|Any CPU.Build.0 = Release|Any CPU
		{077A853A-626D-4782-BBBB-6899E1C8C8A4}.Release|ARM.ActiveCfg = Release|Any CPU
		{077A853A-626D-4782-BBBB-6899E1C8C8A4}.Release|ARM.Build.0 = Release|Any CPU
		{077A853A-626D-4782-BBBB-6899E1C8C8A4}.Release|ARM64.ActiveCfg = Release|Any CPU
		{077A853A-626D-4782-BBBB-6899E1C8C8A4}.Release|ARM64.Build.0 = Release|Any CPU
		{077A853A-626D-4782-BBBB-6899E1C8C8A4}.Release|x64.ActiveCfg = Release|Any CPU
		{077A853A-626D-4782-BBBB-6899E1C8C8A4}.Release|x64.Build.0 = Release|Any CPU
		{077A853A-626D-4782-BBBB-6899E1C8C8A4}.Release|x86.ActiveCfg = Release|Any CPU
		{077A853A-626D-4782-BBBB-6899E1C8C8A4}.Release|x86.Build.0 = Release|Any CPU
		{BA339F1E-BB49-427D-80A5-72F5C35DF214}.Debug|Any CPU.ActiveCfg = Debug|Any CPU
		{BA339F1E-BB49-427D-80A5-72F5C35DF214}.Debug|Any CPU.Build.0 = Debug|Any CPU
		{BA339F1E-BB49-427D-80A5-72F5C35DF214}.Debug|ARM.ActiveCfg = Debug|Any CPU
		{BA339F1E-BB49-427D-80A5-72F5C35DF214}.Debug|ARM.Build.0 = Debug|Any CPU
		{BA339F1E-BB49-427D-80A5-72F5C35DF214}.Debug|ARM64.ActiveCfg = Debug|Any CPU
		{BA339F1E-BB49-427D-80A5-72F5C35DF214}.Debug|ARM64.Build.0 = Debug|Any CPU
		{BA339F1E-BB49-427D-80A5-72F5C35DF214}.Debug|x64.ActiveCfg = Debug|Any CPU
		{BA339F1E-BB49-427D-80A5-72F5C35DF214}.Debug|x64.Build.0 = Debug|Any CPU
		{BA339F1E-BB49-427D-80A5-72F5C35DF214}.Debug|x86.ActiveCfg = Debug|Any CPU
		{BA339F1E-BB49-427D-80A5-72F5C35DF214}.Debug|x86.Build.0 = Debug|Any CPU
		{BA339F1E-BB49-427D-80A5-72F5C35DF214}.Release|Any CPU.ActiveCfg = Release|Any CPU
		{BA339F1E-BB49-427D-80A5-72F5C35DF214}.Release|Any CPU.Build.0 = Release|Any CPU
		{BA339F1E-BB49-427D-80A5-72F5C35DF214}.Release|ARM.ActiveCfg = Release|Any CPU
		{BA339F1E-BB49-427D-80A5-72F5C35DF214}.Release|ARM.Build.0 = Release|Any CPU
		{BA339F1E-BB49-427D-80A5-72F5C35DF214}.Release|ARM64.ActiveCfg = Release|Any CPU
		{BA339F1E-BB49-427D-80A5-72F5C35DF214}.Release|ARM64.Build.0 = Release|Any CPU
		{BA339F1E-BB49-427D-80A5-72F5C35DF214}.Release|x64.ActiveCfg = Release|Any CPU
		{BA339F1E-BB49-427D-80A5-72F5C35DF214}.Release|x64.Build.0 = Release|Any CPU
		{BA339F1E-BB49-427D-80A5-72F5C35DF214}.Release|x86.ActiveCfg = Release|Any CPU
		{BA339F1E-BB49-427D-80A5-72F5C35DF214}.Release|x86.Build.0 = Release|Any CPU
	EndGlobalSection
	GlobalSection(SolutionProperties) = preSolution
		HideSolutionNode = FALSE
	EndGlobalSection
	GlobalSection(ExtensibilityGlobals) = postSolution
		SolutionGuid = {20E4414A-AEB8-4A29-8E0A-3CBA71AAEE87}
	EndGlobalSection
EndGlobal
